
Microsoft Visual Studio Solution File, Format Version 12.00
# Visual Studio Version 17
VisualStudioVersion = 17.14.36429.23 d17.14
MinimumVisualStudioVersion = 10.0.40219.1
Project("{FAE04EC0-301F-11D3-BF4B-00C04F79EFBC}") = "SIMS", "SIMS.csproj", "{1F2B68F1-E8E7-42EC-BF2F-D3E2FA1D107B}"
EndProject
Global
	GlobalSection(SolutionConfigurationPlatforms) = preSolution
		Debug|Any CPU = Debug|Any CPU
		Release|Any CPU = Release|Any CPU
	EndGlobalSection
	GlobalSection(ProjectConfigurationPlatforms) = postSolution
		{1F2B68F1-E8E7-42EC-BF2F-D3E2FA1D107B}.Debug|Any CPU.ActiveCfg = Debug|Any CPU
		{1F2B68F1-E8E7-42EC-BF2F-D3E2FA1D107B}.Debug|Any CPU.Build.0 = Debug|Any CPU
		{1F2B68F1-E8E7-42EC-BF2F-D3E2FA1D107B}.Release|Any CPU.ActiveCfg = Release|Any CPU
		{1F2B68F1-E8E7-42EC-BF2F-D3E2FA1D107B}.Release|Any CPU.Build.0 = Release|Any CPU
	EndGlobalSection
	GlobalSection(SolutionProperties) = preSolution
		HideSolutionNode = FALSE
	EndGlobalSection
	GlobalSection(ExtensibilityGlobals) = postSolution
		SolutionGuid = {F70D960C-6901-4CEB-8632-9C5D7589788B}
	EndGlobalSection
EndGlobal
